
Microsoft Visual Studio Solution File, Format Version 12.00
# Visual Studio 15
Project("{FAE04EC0-301F-11D3-BF4B-00C04F79EFBC}") = "Assembly-CSharp", "Assembly-CSharp.csproj", "{23B3D5F2-7015-5990-993F-3C85EB482C33}"
EndProject
Project("{FAE04EC0-301F-11D3-BF4B-00C04F79EFBC}") = "Assembly-CSharp-Editor", "Assembly-CSharp-Editor.csproj", "{8EB95677-2F51-84A7-3C6E-908E1D25BE52}"
EndProject
Global
	GlobalSection(SolutionConfigurationPlatforms) = preSolution
		Debug|Any CPU = Debug|Any CPU
		Release|Any CPU = Release|Any CPU
	EndGlobalSection
	GlobalSection(ProjectConfigurationPlatforms) = postSolution
		{23B3D5F2-7015-5990-993F-3C85EB482C33}.Debug|Any CPU.ActiveCfg = Debug|Any CPU
		{23B3D5F2-7015-5990-993F-3C85EB482C33}.Debug|Any CPU.Build.0 = Debug|Any CPU
		{23B3D5F2-7015-5990-993F-3C85EB482C33}.Release|Any CPU.ActiveCfg = Release|Any CPU
		{23B3D5F2-7015-5990-993F-3C85EB482C33}.Release|Any CPU.Build.0 = Release|Any CPU
		{8EB95677-2F51-84A7-3C6E-908E1D25BE52}.Debug|Any CPU.ActiveCfg = Debug|Any CPU
		{8EB95677-2F51-84A7-3C6E-908E1D25BE52}.Debug|Any CPU.Build.0 = Debug|Any CPU
		{8EB95677-2F51-84A7-3C6E-908E1D25BE52}.Release|Any CPU.ActiveCfg = Release|Any CPU
		{8EB95677-2F51-84A7-3C6E-908E1D25BE52}.Release|Any CPU.Build.0 = Release|Any CPU
	EndGlobalSection
	GlobalSection(SolutionProperties) = preSolution
		HideSolutionNode = FALSE
	EndGlobalSection
EndGlobal
